
Microsoft Visual Studio Solution File, Format Version 12.00
# Visual Studio Version 17
VisualStudioVersion = 17.7.34031.279
MinimumVisualStudioVersion = 10.0.40219.1
Project("{FAE04EC0-301F-11D3-BF4B-00C04F79EFBC}") = "araçkiralamagrup2", "araçkiralamagrup2.csproj", "{945F2E32-8D7E-4B2D-B1A2-FAD7CAD4BA63}"
EndProject
Global
	GlobalSection(SolutionConfigurationPlatforms) = preSolution
		Debug|Any CPU = Debug|Any CPU
		Release|Any CPU = Release|Any CPU
	EndGlobalSection
	GlobalSection(ProjectConfigurationPlatforms) = postSolution
		{945F2E32-8D7E-4B2D-B1A2-FAD7CAD4BA63}.Debug|Any CPU.ActiveCfg = Debug|Any CPU
		{945F2E32-8D7E-4B2D-B1A2-FAD7CAD4BA63}.Debug|Any CPU.Build.0 = Debug|Any CPU
		{945F2E32-8D7E-4B2D-B1A2-FAD7CAD4BA63}.Release|Any CPU.ActiveCfg = Release|Any CPU
		{945F2E32-8D7E-4B2D-B1A2-FAD7CAD4BA63}.Release|Any CPU.Build.0 = Release|Any CPU
	EndGlobalSection
	GlobalSection(SolutionProperties) = preSolution
		HideSolutionNode = FALSE
	EndGlobalSection
	GlobalSection(ExtensibilityGlobals) = postSolution
		SolutionGuid = {089EBC38-7C04-43F9-A340-88A3C78B46D7}
	EndGlobalSection
EndGlobal
